
Microsoft Visual Studio Solution File, Format Version 12.00
# Visual Studio 15
VisualStudioVersion = 15.0.28307.1525
MinimumVisualStudioVersion = 10.0.40219.1
Project("{FAE04EC0-301F-11D3-BF4B-00C04F79EFBC}") = "MVC_Tutorial", "MVC_Tutorial\MVC_Tutorial.csproj", "{793E401B-18B9-47B4-946B-D6AA53E4B765}"
EndProject
Global
	GlobalSection(SolutionConfigurationPlatforms) = preSolution
		Debug|Any CPU = Debug|Any CPU
		Release|Any CPU = Release|Any CPU
	EndGlobalSection
	GlobalSection(ProjectConfigurationPlatforms) = postSolution
		{793E401B-18B9-47B4-946B-D6AA53E4B765}.Debug|Any CPU.ActiveCfg = Debug|Any CPU
		{793E401B-18B9-47B4-946B-D6AA53E4B765}.Debug|Any CPU.Build.0 = Debug|Any CPU
		{793E401B-18B9-47B4-946B-D6AA53E4B765}.Release|Any CPU.ActiveCfg = Release|Any CPU
		{793E401B-18B9-47B4-946B-D6AA53E4B765}.Release|Any CPU.Build.0 = Release|Any CPU
	EndGlobalSection
	GlobalSection(SolutionProperties) = preSolution
		HideSolutionNode = FALSE
	EndGlobalSection
	GlobalSection(ExtensibilityGlobals) = postSolution
		SolutionGuid = {25B9ED38-DA96-47DB-9347-69957757D8CB}
	EndGlobalSection
EndGlobal
